<?xml version="1.0" encoding="utf-8"?>
<Project ToolsVersion="16.0" xmlns="http://schemas.microsoft.com/developer/msbuild/2003">
  <ItemGroup>
    <CustomBuild Include="C:\Users\user\Desktop\ChessPlusPlus\test\CMakeFiles\61aefac79d9a84c2701517edd7938330\generate.stamp.rule">
      <Filter>CMake Rules</Filter>
    </CustomBuild>
  </ItemGroup>
  <ItemGroup>
    <Filter Include="CMake Rules">
      <UniqueIdentifier>{B49D574E-630C-30F1-ABEE-9255F4FE2CE1}</UniqueIdentifier>
    </Filter>
  </ItemGroup>
</Project>
